
Microsoft Visual Studio Solution File, Format Version 12.00
# Visual Studio 14
VisualStudioVersion = 14.0.25420.1
MinimumVisualStudioVersion = 10.0.40219.1
Project("{FAE04EC0-301F-11D3-BF4B-00C04F79EFBC}") = "01_ConnectCrud", "01_ConnectCrud\01_ConnectCrud.csproj", "{A8FB35E0-0E0A-43F8-8BA1-101ADFF7ACD6}"
EndProject
Project("{FAE04EC0-301F-11D3-BF4B-00C04F79EFBC}") = "02_CqlPoco", "02_CqlPoco\02_CqlPoco.csproj", "{C0D3FA81-176F-4EFB-BCAF-6094B19FE8EB}"
EndProject
Global
	GlobalSection(SolutionConfigurationPlatforms) = preSolution
		Debug|Any CPU = Debug|Any CPU
		Release|Any CPU = Release|Any CPU
	EndGlobalSection
	GlobalSection(ProjectConfigurationPlatforms) = postSolution
		{A8FB35E0-0E0A-43F8-8BA1-101ADFF7ACD6}.Debug|Any CPU.ActiveCfg = Debug|Any CPU
		{A8FB35E0-0E0A-43F8-8BA1-101ADFF7ACD6}.Debug|Any CPU.Build.0 = Debug|Any CPU
		{A8FB35E0-0E0A-43F8-8BA1-101ADFF7ACD6}.Release|Any CPU.ActiveCfg = Release|Any CPU
		{A8FB35E0-0E0A-43F8-8BA1-101ADFF7ACD6}.Release|Any CPU.Build.0 = Release|Any CPU
		{C0D3FA81-176F-4EFB-BCAF-6094B19FE8EB}.Debug|Any CPU.ActiveCfg = Debug|Any CPU
		{C0D3FA81-176F-4EFB-BCAF-6094B19FE8EB}.Debug|Any CPU.Build.0 = Debug|Any CPU
		{C0D3FA81-176F-4EFB-BCAF-6094B19FE8EB}.Release|Any CPU.ActiveCfg = Release|Any CPU
		{C0D3FA81-176F-4EFB-BCAF-6094B19FE8EB}.Release|Any CPU.Build.0 = Release|Any CPU
	EndGlobalSection
	GlobalSection(SolutionProperties) = preSolution
		HideSolutionNode = FALSE
	EndGlobalSection
EndGlobal
